
Microsoft Visual Studio Solution File, Format Version 12.00
# Visual Studio Version 17
VisualStudioVersion = 17.5.33414.496
MinimumVisualStudioVersion = 10.0.40219.1
Project("{FAE04EC0-301F-11D3-BF4B-00C04F79EFBC}") = "Tapman", "Tapman.csproj", "{7A3A86D9-EC5E-447B-A4E5-59AB7C4F4F0B}"
EndProject
Global
	GlobalSection(SolutionConfigurationPlatforms) = preSolution
		Debug|Any CPU = Debug|Any CPU
		Release|Any CPU = Release|Any CPU
	EndGlobalSection
	GlobalSection(ProjectConfigurationPlatforms) = postSolution
		{7A3A86D9-EC5E-447B-A4E5-59AB7C4F4F0B}.Debug|Any CPU.ActiveCfg = Debug|Any CPU
		{7A3A86D9-EC5E-447B-A4E5-59AB7C4F4F0B}.Debug|Any CPU.Build.0 = Debug|Any CPU
		{7A3A86D9-EC5E-447B-A4E5-59AB7C4F4F0B}.Release|Any CPU.ActiveCfg = Release|Any CPU
		{7A3A86D9-EC5E-447B-A4E5-59AB7C4F4F0B}.Release|Any CPU.Build.0 = Release|Any CPU
	EndGlobalSection
	GlobalSection(SolutionProperties) = preSolution
		HideSolutionNode = FALSE
	EndGlobalSection
	GlobalSection(ExtensibilityGlobals) = postSolution
		SolutionGuid = {A7EAC799-B8E0-4259-AD46-4234D0DE6588}
	EndGlobalSection
EndGlobal
